
Microsoft Visual Studio Solution File, Format Version 12.00
# Visual Studio Version 16
VisualStudioVersion = 16.0.32002.261
MinimumVisualStudioVersion = 10.0.40219.1
Project("{FAE04EC0-301F-11D3-BF4B-00C04F79EFBC}") = "loginproject_new", "loginproject_new.csproj", "{226ADB5F-F210-4D75-A8EA-24A3B780AD99}"
EndProject
Global
	GlobalSection(SolutionConfigurationPlatforms) = preSolution
		Debug|Any CPU = Debug|Any CPU
		Release|Any CPU = Release|Any CPU
	EndGlobalSection
	GlobalSection(ProjectConfigurationPlatforms) = postSolution
		{226ADB5F-F210-4D75-A8EA-24A3B780AD99}.Debug|Any CPU.ActiveCfg = Debug|Any CPU
		{226ADB5F-F210-4D75-A8EA-24A3B780AD99}.Debug|Any CPU.Build.0 = Debug|Any CPU
		{226ADB5F-F210-4D75-A8EA-24A3B780AD99}.Release|Any CPU.ActiveCfg = Release|Any CPU
		{226ADB5F-F210-4D75-A8EA-24A3B780AD99}.Release|Any CPU.Build.0 = Release|Any CPU
	EndGlobalSection
	GlobalSection(SolutionProperties) = preSolution
		HideSolutionNode = FALSE
	EndGlobalSection
	GlobalSection(ExtensibilityGlobals) = postSolution
		SolutionGuid = {3CC27A85-6A69-4441-BE8A-60C9C7C06CA0}
	EndGlobalSection
EndGlobal
